// !$*UTF8*$!
{
	archiveVersion = 1;
	classes = {
	};
	objectVersion = 46;
	objects = {

/* Begin PBXBuildFile section */
		D83765AD1ECDAA0E00F03127 /* main.m in Sources */ = {isa = PBXBuildFile; fileRef = D83765AC1ECDAA0E00F03127 /* main.m */; };
		D83765B01ECDAA0E00F03127 /* AppDelegate.m in Sources */ = {isa = PBXBuildFile; fileRef = D83765AF1ECDAA0E00F03127 /* AppDelegate.m */; };
		D83765B31ECDAA0F00F03127 /* ViewController.m in Sources */ = {isa = PBXBuildFile; fileRef = D83765B21ECDAA0F00F03127 /* ViewController.m */; };
		D83765B61ECDAA0F00F03127 /* Main.storyboard in Resources */ = {isa = PBXBuildFile; fileRef = D83765B41ECDAA0F00F03127 /* Main.storyboard */; };
		D83765B81ECDAA0F00F03127 /* Assets.xcassets in Resources */ = {isa = PBXBuildFile; fileRef = D83765B71ECDAA0F00F03127 /* Assets.xcassets */; };
		D83765BB1ECDAA0F00F03127 /* LaunchScreen.storyboard in Resources */ = {isa = PBXBuildFile; fileRef = D83765B91ECDAA0F00F03127 /* LaunchScreen.storyboard */; };
		D83765C61ECDAA0F00F03127 /* ZZJWaterFallViewTests.m in Sources */ = {isa = PBXBuildFile; fileRef = D83765C51ECDAA0F00F03127 /* ZZJWaterFallViewTests.m */; };
		D83765D11ECDAA0F00F03127 /* ZZJWaterFallViewUITests.m in Sources */ = {isa = PBXBuildFile; fileRef = D83765D01ECDAA0F00F03127 /* ZZJWaterFallViewUITests.m */; };
		D8F952D01ECE8BDD00AE5C44 /* MKAnnotationView+WebCache.m in Sources */ = {isa = PBXBuildFile; fileRef = D8F952B01ECE8BDD00AE5C44 /* MKAnnotationView+WebCache.m */; };
		D8F952D11ECE8BDD00AE5C44 /* NSData+ImageContentType.m in Sources */ = {isa = PBXBuildFile; fileRef = D8F952B21ECE8BDD00AE5C44 /* NSData+ImageContentType.m */; };
		D8F952D21ECE8BDD00AE5C44 /* SDImageCache.m in Sources */ = {isa = PBXBuildFile; fileRef = D8F952B41ECE8BDD00AE5C44 /* SDImageCache.m */; };
		D8F952D31ECE8BDD00AE5C44 /* SDWebImageCompat.m in Sources */ = {isa = PBXBuildFile; fileRef = D8F952B61ECE8BDD00AE5C44 /* SDWebImageCompat.m */; };
		D8F952D41ECE8BDD00AE5C44 /* SDWebImageDecoder.m in Sources */ = {isa = PBXBuildFile; fileRef = D8F952B81ECE8BDD00AE5C44 /* SDWebImageDecoder.m */; };
		D8F952D51ECE8BDD00AE5C44 /* SDWebImageDownloader.m in Sources */ = {isa = PBXBuildFile; fileRef = D8F952BA1ECE8BDD00AE5C44 /* SDWebImageDownloader.m */; };
		D8F952D61ECE8BDD00AE5C44 /* SDWebImageDownloaderOperation.m in Sources */ = {isa = PBXBuildFile; fileRef = D8F952BC1ECE8BDD00AE5C44 /* SDWebImageDownloaderOperation.m */; };
		D8F952D71ECE8BDD00AE5C44 /* SDWebImageManager.m in Sources */ = {isa = PBXBuildFile; fileRef = D8F952BE1ECE8BDD00AE5C44 /* SDWebImageManager.m */; };
		D8F952D81ECE8BDD00AE5C44 /* SDWebImagePrefetcher.m in Sources */ = {isa = PBXBuildFile; fileRef = D8F952C11ECE8BDD00AE5C44 /* SDWebImagePrefetcher.m */; };
		D8F952D91ECE8BDD00AE5C44 /* UIButton+WebCache.m in Sources */ = {isa = PBXBuildFile; fileRef = D8F952C31ECE8BDD00AE5C44 /* UIButton+WebCache.m */; };
		D8F952DA1ECE8BDD00AE5C44 /* UIImage+GIF.m in Sources */ = {isa = PBXBuildFile; fileRef = D8F952C51ECE8BDD00AE5C44 /* UIImage+GIF.m */; };
		D8F952DB1ECE8BDD00AE5C44 /* UIImage+MultiFormat.m in Sources */ = {isa = PBXBuildFile; fileRef = D8F952C71ECE8BDD00AE5C44 /* UIImage+MultiFormat.m */; };
		D8F952DC1ECE8BDD00AE5C44 /* UIImage+WebP.m in Sources */ = {isa = PBXBuildFile; fileRef = D8F952C91ECE8BDD00AE5C44 /* UIImage+WebP.m */; };
		D8F952DD1ECE8BDD00AE5C44 /* UIImageView+HighlightedWebCache.m in Sources */ = {isa = PBXBuildFile; fileRef = D8F952CB1ECE8BDD00AE5C44 /* UIImageView+HighlightedWebCache.m */; };
		D8F952DE1ECE8BDD00AE5C44 /* UIImageView+WebCache.m in Sources */ = {isa = PBXBuildFile; fileRef = D8F952CD1ECE8BDD00AE5C44 /* UIImageView+WebCache.m */; };
		D8F952DF1ECE8BDD00AE5C44 /* UIView+WebCacheOperation.m in Sources */ = {isa = PBXBuildFile; fileRef = D8F952CF1ECE8BDD00AE5C44 /* UIView+WebCacheOperation.m */; };
		D8F952E21ECE957B00AE5C44 /* DetailViewController.m in Sources */ = {isa = PBXBuildFile; fileRef = D8F952E11ECE957B00AE5C44 /* DetailViewController.m */; };
		DDDD74021ECDE9EE00A492D0 /* ZZJCollectionViewLayout.m in Sources */ = {isa = PBXBuildFile; fileRef = DDDD74011ECDE9EE00A492D0 /* ZZJCollectionViewLayout.m */; };
		DDDD74051ECDF64000A492D0 /* ZZJCollectionViewCell.m in Sources */ = {isa = PBXBuildFile; fileRef = DDDD74041ECDF64000A492D0 /* ZZJCollectionViewCell.m */; };
		DDDD74081ECDF71200A492D0 /* 1.plist in Resources */ = {isa = PBXBuildFile; fileRef = DDDD74071ECDF71200A492D0 /* 1.plist */; };
		DDDD74221ECDF74900A492D0 /* MJArgument.m in Sources */ = {isa = PBXBuildFile; fileRef = DDDD740C1ECDF74900A492D0 /* MJArgument.m */; };
		DDDD74231ECDF74900A492D0 /* MJConst.m in Sources */ = {isa = PBXBuildFile; fileRef = DDDD740E1ECDF74900A492D0 /* MJConst.m */; };
		DDDD74241ECDF74900A492D0 /* MJFoundation.m in Sources */ = {isa = PBXBuildFile; fileRef = DDDD74111ECDF74900A492D0 /* MJFoundation.m */; };
		DDDD74251ECDF74900A492D0 /* MJIvar.m in Sources */ = {isa = PBXBuildFile; fileRef = DDDD74131ECDF74900A492D0 /* MJIvar.m */; };
		DDDD74261ECDF74900A492D0 /* MJMember.m in Sources */ = {isa = PBXBuildFile; fileRef = DDDD74151ECDF74900A492D0 /* MJMember.m */; };
		DDDD74271ECDF74900A492D0 /* MJMethod.m in Sources */ = {isa = PBXBuildFile; fileRef = DDDD74171ECDF74900A492D0 /* MJMethod.m */; };
		DDDD74281ECDF74900A492D0 /* MJType.m in Sources */ = {isa = PBXBuildFile; fileRef = DDDD74191ECDF74900A492D0 /* MJType.m */; };
		DDDD74291ECDF74900A492D0 /* MJTypeEncoding.m in Sources */ = {isa = PBXBuildFile; fileRef = DDDD741B1ECDF74900A492D0 /* MJTypeEncoding.m */; };
		DDDD742A1ECDF74900A492D0 /* NSObject+MJCoding.m in Sources */ = {isa = PBXBuildFile; fileRef = DDDD741D1ECDF74900A492D0 /* NSObject+MJCoding.m */; };
		DDDD742B1ECDF74900A492D0 /* NSObject+MJKeyValue.m in Sources */ = {isa = PBXBuildFile; fileRef = DDDD741F1ECDF74900A492D0 /* NSObject+MJKeyValue.m */; };
		DDDD742C1ECDF74900A492D0 /* NSObject+MJMember.m in Sources */ = {isa = PBXBuildFile; fileRef = DDDD74211ECDF74900A492D0 /* NSObject+MJMember.m */; };
		DDDD74301ECDF79200A492D0 /* ShopModel.m in Sources */ = {isa = PBXBuildFile; fileRef = DDDD742F1ECDF79200A492D0 /* ShopModel.m */; };
/* End PBXBuildFile section */

/* Begin PBXContainerItemProxy section */
		D83765C21ECDAA0F00F03127 /* PBXContainerItemProxy */ = {
			isa = PBXContainerItemProxy;
			containerPortal = D83765A01ECDAA0E00F03127 /* Project object */;
			proxyType = 1;
			remoteGlobalIDString = D83765A71ECDAA0E00F03127;
			remoteInfo = ZZJWaterFallView;
		};
		D83765CD1ECDAA0F00F03127 /* PBXContainerItemProxy */ = {
			isa = PBXContainerItemProxy;
			containerPortal = D83765A01ECDAA0E00F03127 /* Project object */;
			proxyType = 1;
			remoteGlobalIDString = D83765A71ECDAA0E00F03127;
			remoteInfo = ZZJWaterFallView;
		};
/* End PBXContainerItemProxy section */

/* Begin PBXFileReference section */
		D83765A81ECDAA0E00F03127 /* ZZJWaterFallView.app */ = {isa = PBXFileReference; explicitFileType = wrapper.application; includeInIndex = 0; path = ZZJWaterFallView.app; sourceTree = BUILT_PRODUCTS_DIR; };
		D83765AC1ECDAA0E00F03127 /* main.m */ = {isa = PBXFileReference; lastKnownFileType = sourcecode.c.objc; path = main.m; sourceTree = "<group>"; };
		D83765AE1ECDAA0E00F03127 /* AppDelegate.h */ = {isa = PBXFileReference; lastKnownFileType = sourcecode.c.h; path = AppDelegate.h; sourceTree = "<group>"; };
		D83765AF1ECDAA0E00F03127 /* AppDelegate.m */ = {isa = PBXFileReference; lastKnownFileType = sourcecode.c.objc; path = AppDelegate.m; sourceTree = "<group>"; };
		D83765B11ECDAA0E00F03127 /* ViewController.h */ = {isa = PBXFileReference; lastKnownFileType = sourcecode.c.h; path = ViewController.h; sourceTree = "<group>"; };
		D83765B21ECDAA0F00F03127 /* ViewController.m */ = {isa = PBXFileReference; lastKnownFileType = sourcecode.c.objc; path = ViewController.m; sourceTree = "<group>"; };
		D83765B51ECDAA0F00F03127 /* Base */ = {isa = PBXFileReference; lastKnownFileType = file.storyboard; name = Base; path = Base.lproj/Main.storyboard; sourceTree = "<group>"; };
		D83765B71ECDAA0F00F03127 /* Assets.xcassets */ = {isa = PBXFileReference; lastKnownFileType = folder.assetcatalog; path = Assets.xcassets; sourceTree = "<group>"; };
		D83765BA1ECDAA0F00F03127 /* Base */ = {isa = PBXFileReference; lastKnownFileType = file.storyboard; name = Base; path = Base.lproj/LaunchScreen.storyboard; sourceTree = "<group>"; };
		D83765BC1ECDAA0F00F03127 /* Info.plist */ = {isa = PBXFileReference; lastKnownFileType = text.plist.xml; path = Info.plist; sourceTree = "<group>"; };
		D83765C11ECDAA0F00F03127 /* ZZJWaterFallViewTests.xctest */ = {isa = PBXFileReference; explicitFileType = wrapper.cfbundle; includeInIndex = 0; path = ZZJWaterFallViewTests.xctest; sourceTree = BUILT_PRODUCTS_DIR; };
		D83765C51ECDAA0F00F03127 /* ZZJWaterFallViewTests.m */ = {isa = PBXFileReference; lastKnownFileType = sourcecode.c.objc; path = ZZJWaterFallViewTests.m; sourceTree = "<group>"; };
		D83765C71ECDAA0F00F03127 /* Info.plist */ = {isa = PBXFileReference; lastKnownFileType = text.plist.xml; path = Info.plist; sourceTree = "<group>"; };
		D83765CC1ECDAA0F00F03127 /* ZZJWaterFallViewUITests.xctest */ = {isa = PBXFileReference; explicitFileType = wrapper.cfbundle; includeInIndex = 0; path = ZZJWaterFallViewUITests.xctest; sourceTree = BUILT_PRODUCTS_DIR; };
		D83765D01ECDAA0F00F03127 /* ZZJWaterFallViewUITests.m */ = {isa = PBXFileReference; lastKnownFileType = sourcecode.c.objc; path = ZZJWaterFallViewUITests.m; sourceTree = "<group>"; };
		D83765D21ECDAA0F00F03127 /* Info.plist */ = {isa = PBXFileReference; lastKnownFileType = text.plist.xml; path = Info.plist; sourceTree = "<group>"; };
		D8F952AF1ECE8BDD00AE5C44 /* MKAnnotationView+WebCache.h */ = {isa = PBXFileReference; fileEncoding = 4; lastKnownFileType = sourcecode.c.h; path = "MKAnnotationView+WebCache.h"; sourceTree = "<group>"; };
		D8F952B01ECE8BDD00AE5C44 /* MKAnnotationView+WebCache.m */ = {isa = PBXFileReference; fileEncoding = 4; lastKnownFileType = sourcecode.c.objc; path = "MKAnnotationView+WebCache.m"; sourceTree = "<group>"; };
		D8F952B11ECE8BDD00AE5C44 /* NSData+ImageContentType.h */ = {isa = PBXFileReference; fileEncoding = 4; lastKnownFileType = sourcecode.c.h; path = "NSData+ImageContentType.h"; sourceTree = "<group>"; };
		D8F952B21ECE8BDD00AE5C44 /* NSData+ImageContentType.m */ = {isa = PBXFileReference; fileEncoding = 4; lastKnownFileType = sourcecode.c.objc; path = "NSData+ImageContentType.m"; sourceTree = "<group>"; };
		D8F952B31ECE8BDD00AE5C44 /* SDImageCache.h */ = {isa = PBXFileReference; fileEncoding = 4; lastKnownFileType = sourcecode.c.h; path = SDImageCache.h; sourceTree = "<group>"; };
		D8F952B41ECE8BDD00AE5C44 /* SDImageCache.m */ = {isa = PBXFileReference; fileEncoding = 4; lastKnownFileType = sourcecode.c.objc; path = SDImageCache.m; sourceTree = "<group>"; };
		D8F952B51ECE8BDD00AE5C44 /* SDWebImageCompat.h */ = {isa = PBXFileReference; fileEncoding = 4; lastKnownFileType = sourcecode.c.h; path = SDWebImageCompat.h; sourceTree = "<group>"; };
		D8F952B61ECE8BDD00AE5C44 /* SDWebImageCompat.m */ = {isa = PBXFileReference; fileEncoding = 4; lastKnownFileType = sourcecode.c.objc; path = SDWebImageCompat.m; sourceTree = "<group>"; };
		D8F952B71ECE8BDD00AE5C44 /* SDWebImageDecoder.h */ = {isa = PBXFileReference; fileEncoding = 4; lastKnownFileType = sourcecode.c.h; path = SDWebImageDecoder.h; sourceTree = "<group>"; };
		D8F952B81ECE8BDD00AE5C44 /* SDWebImageDecoder.m */ = {isa = PBXFileReference; fileEncoding = 4; lastKnownFileType = sourcecode.c.objc; path = SDWebImageDecoder.m; sourceTree = "<group>"; };
		D8F952B91ECE8BDD00AE5C44 /* SDWebImageDownloader.h */ = {isa = PBXFileReference; fileEncoding = 4; lastKnownFileType = sourcecode.c.h; path = SDWebImageDownloader.h; sourceTree = "<group>"; };
		D8F952BA1ECE8BDD00AE5C44 /* SDWebImageDownloader.m */ = {isa = PBXFileReference; fileEncoding = 4; lastKnownFileType = sourcecode.c.objc; path = SDWebImageDownloader.m; sourceTree = "<group>"; };
		D8F952BB1ECE8BDD00AE5C44 /* SDWebImageDownloaderOperation.h */ = {isa = PBXFileReference; fileEncoding = 4; lastKnownFileType = sourcecode.c.h; path = SDWebImageDownloaderOperation.h; sourceTree = "<group>"; };
		D8F952BC1ECE8BDD00AE5C44 /* SDWebImageDownloaderOperation.m */ = {isa = PBXFileReference; fileEncoding = 4; lastKnownFileType = sourcecode.c.objc; path = SDWebImageDownloaderOperation.m; sourceTree = "<group>"; };
		D8F952BD1ECE8BDD00AE5C44 /* SDWebImageManager.h */ = {isa = PBXFileReference; fileEncoding = 4; lastKnownFileType = sourcecode.c.h; path = SDWebImageManager.h; sourceTree = "<group>"; };
		D8F952BE1ECE8BDD00AE5C44 /* SDWebImageManager.m */ = {isa = PBXFileReference; fileEncoding = 4; lastKnownFileType = sourcecode.c.objc; path = SDWebImageManager.m; sourceTree = "<group>"; };
		D8F952BF1ECE8BDD00AE5C44 /* SDWebImageOperation.h */ = {isa = PBXFileReference; fileEncoding = 4; lastKnownFileType = sourcecode.c.h; path = SDWebImageOperation.h; sourceTree = "<group>"; };
		D8F952C01ECE8BDD00AE5C44 /* SDWebImagePrefetcher.h */ = {isa = PBXFileReference; fileEncoding = 4; lastKnownFileType = sourcecode.c.h; path = SDWebImagePrefetcher.h; sourceTree = "<group>"; };
		D8F952C11ECE8BDD00AE5C44 /* SDWebImagePrefetcher.m */ = {isa = PBXFileReference; fileEncoding = 4; lastKnownFileType = sourcecode.c.objc; path = SDWebImagePrefetcher.m; sourceTree = "<group>"; };
		D8F952C21ECE8BDD00AE5C44 /* UIButton+WebCache.h */ = {isa = PBXFileReference; fileEncoding = 4; lastKnownFileType = sourcecode.c.h; path = "UIButton+WebCache.h"; sourceTree = "<group>"; };
		D8F952C31ECE8BDD00AE5C44 /* UIButton+WebCache.m */ = {isa = PBXFileReference; fileEncoding = 4; lastKnownFileType = sourcecode.c.objc; path = "UIButton+WebCache.m"; sourceTree = "<group>"; };
		D8F952C41ECE8BDD00AE5C44 /* UIImage+GIF.h */ = {isa = PBXFileReference; fileEncoding = 4; lastKnownFileType = sourcecode.c.h; path = "UIImage+GIF.h"; sourceTree = "<group>"; };
		D8F952C51ECE8BDD00AE5C44 /* UIImage+GIF.m */ = {isa = PBXFileReference; fileEncoding = 4; lastKnownFileType = sourcecode.c.objc; path = "UIImage+GIF.m"; sourceTree = "<group>"; };
		D8F952C61ECE8BDD00AE5C44 /* UIImage+MultiFormat.h */ = {isa = PBXFileReference; fileEncoding = 4; lastKnownFileType = sourcecode.c.h; path = "UIImage+MultiFormat.h"; sourceTree = "<group>"; };
		D8F952C71ECE8BDD00AE5C44 /* UIImage+MultiFormat.m */ = {isa = PBXFileReference; fileEncoding = 4; lastKnownFileType = sourcecode.c.objc; path = "UIImage+MultiFormat.m"; sourceTree = "<group>"; };
		D8F952C81ECE8BDD00AE5C44 /* UIImage+WebP.h */ = {isa = PBXFileReference; fileEncoding = 4; lastKnownFileType = sourcecode.c.h; path = "UIImage+WebP.h"; sourceTree = "<group>"; };
		D8F952C91ECE8BDD00AE5C44 /* UIImage+WebP.m */ = {isa = PBXFileReference; fileEncoding = 4; lastKnownFileType = sourcecode.c.objc; path = "UIImage+WebP.m"; sourceTree = "<group>"; };
		D8F952CA1ECE8BDD00AE5C44 /* UIImageView+HighlightedWebCache.h */ = {isa = PBXFileReference; fileEncoding = 4; lastKnownFileType = sourcecode.c.h; path = "UIImageView+HighlightedWebCache.h"; sourceTree = "<group>"; };
		D8F952CB1ECE8BDD00AE5C44 /* UIImageView+HighlightedWebCache.m */ = {isa = PBXFileReference; fileEncoding = 4; lastKnownFileType = sourcecode.c.objc; path = "UIImageView+HighlightedWebCache.m"; sourceTree = "<group>"; };
		D8F952CC1ECE8BDD00AE5C44 /* UIImageView+WebCache.h */ = {isa = PBXFileReference; fileEncoding = 4; lastKnownFileType = sourcecode.c.h; path = "UIImageView+WebCache.h"; sourceTree = "<group>"; };
		D8F952CD1ECE8BDD00AE5C44 /* UIImageView+WebCache.m */ = {isa = PBXFileReference; fileEncoding = 4; lastKnownFileType = sourcecode.c.objc; path = "UIImageView+WebCache.m"; sourceTree = "<group>"; };
		D8F952CE1ECE8BDD00AE5C44 /* UIView+WebCacheOperation.h */ = {isa = PBXFileReference; fileEncoding = 4; lastKnownFileType = sourcecode.c.h; path = "UIView+WebCacheOperation.h"; sourceTree = "<group>"; };
		D8F952CF1ECE8BDD00AE5C44 /* UIView+WebCacheOperation.m */ = {isa = PBXFileReference; fileEncoding = 4; lastKnownFileType = sourcecode.c.objc; path = "UIView+WebCacheOperation.m"; sourceTree = "<group>"; };
		D8F952E01ECE957B00AE5C44 /* DetailViewController.h */ = {isa = PBXFileReference; fileEncoding = 4; lastKnownFileType = sourcecode.c.h; path = DetailViewController.h; sourceTree = "<group>"; };
		D8F952E11ECE957B00AE5C44 /* DetailViewController.m */ = {isa = PBXFileReference; fileEncoding = 4; lastKnownFileType = sourcecode.c.objc; path = DetailViewController.m; sourceTree = "<group>"; };
		DDDD74001ECDE9EE00A492D0 /* ZZJCollectionViewLayout.h */ = {isa = PBXFileReference; fileEncoding = 4; lastKnownFileType = sourcecode.c.h; path = ZZJCollectionViewLayout.h; sourceTree = "<group>"; };
		DDDD74011ECDE9EE00A492D0 /* ZZJCollectionViewLayout.m */ = {isa = PBXFileReference; fileEncoding = 4; lastKnownFileType = sourcecode.c.objc; path = ZZJCollectionViewLayout.m; sourceTree = "<group>"; };
		DDDD74031ECDF64000A492D0 /* ZZJCollectionViewCell.h */ = {isa = PBXFileReference; fileEncoding = 4; lastKnownFileType = sourcecode.c.h; path = ZZJCollectionViewCell.h; sourceTree = "<group>"; };
		DDDD74041ECDF64000A492D0 /* ZZJCollectionViewCell.m */ = {isa = PBXFileReference; fileEncoding = 4; lastKnownFileType = sourcecode.c.objc; path = ZZJCollectionViewCell.m; sourceTree = "<group>"; };
		DDDD74071ECDF71200A492D0 /* 1.plist */ = {isa = PBXFileReference; fileEncoding = 4; lastKnownFileType = text.plist.xml; path = 1.plist; sourceTree = "<group>"; };
		DDDD740B1ECDF74900A492D0 /* MJArgument.h */ = {isa = PBXFileReference; fileEncoding = 4; lastKnownFileType = sourcecode.c.h; path = MJArgument.h; sourceTree = "<group>"; };
		DDDD740C1ECDF74900A492D0 /* MJArgument.m */ = {isa = PBXFileReference; fileEncoding = 4; lastKnownFileType = sourcecode.c.objc; path = MJArgument.m; sourceTree = "<group>"; };
		DDDD740D1ECDF74900A492D0 /* MJConst.h */ = {isa = PBXFileReference; fileEncoding = 4; lastKnownFileType = sourcecode.c.h; path = MJConst.h; sourceTree = "<group>"; };
		DDDD740E1ECDF74900A492D0 /* MJConst.m */ = {isa = PBXFileReference; fileEncoding = 4; lastKnownFileType = sourcecode.c.objc; path = MJConst.m; sourceTree = "<group>"; };
		DDDD740F1ECDF74900A492D0 /* MJExtension.h */ = {isa = PBXFileReference; fileEncoding = 4; lastKnownFileType = sourcecode.c.h; path = MJExtension.h; sourceTree = "<group>"; };
		DDDD74101ECDF74900A492D0 /* MJFoundation.h */ = {isa = PBXFileReference; fileEncoding = 4; lastKnownFileType = sourcecode.c.h; path = MJFoundation.h; sourceTree = "<group>"; };
		DDDD74111ECDF74900A492D0 /* MJFoundation.m */ = {isa = PBXFileReference; fileEncoding = 4; lastKnownFileType = sourcecode.c.objc; path = MJFoundation.m; sourceTree = "<group>"; };
		DDDD74121ECDF74900A492D0 /* MJIvar.h */ = {isa = PBXFileReference; fileEncoding = 4; lastKnownFileType = sourcecode.c.h; path = MJIvar.h; sourceTree = "<group>"; };
		DDDD74131ECDF74900A492D0 /* MJIvar.m */ = {isa = PBXFileReference; fileEncoding = 4; lastKnownFileType = sourcecode.c.objc; path = MJIvar.m; sourceTree = "<group>"; };
		DDDD74141ECDF74900A492D0 /* MJMember.h */ = {isa = PBXFileReference; fileEncoding = 4; lastKnownFileType = sourcecode.c.h; path = MJMember.h; sourceTree = "<group>"; };
		DDDD74151ECDF74900A492D0 /* MJMember.m */ = {isa = PBXFileReference; fileEncoding = 4; lastKnownFileType = sourcecode.c.objc; path = MJMember.m; sourceTree = "<group>"; };
		DDDD74161ECDF74900A492D0 /* MJMethod.h */ = {isa = PBXFileReference; fileEncoding = 4; lastKnownFileType = sourcecode.c.h; path = MJMethod.h; sourceTree = "<group>"; };
		DDDD74171ECDF74900A492D0 /* MJMethod.m */ = {isa = PBXFileReference; fileEncoding = 4; lastKnownFileType = sourcecode.c.objc; path = MJMethod.m; sourceTree = "<group>"; };
		DDDD74181ECDF74900A492D0 /* MJType.h */ = {isa = PBXFileReference; fileEncoding = 4; lastKnownFileType = sourcecode.c.h; path = MJType.h; sourceTree = "<group>"; };
		DDDD74191ECDF74900A492D0 /* MJType.m */ = {isa = PBXFileReference; fileEncoding = 4; lastKnownFileType = sourcecode.c.objc; path = MJType.m; sourceTree = "<group>"; };
		DDDD741A1ECDF74900A492D0 /* MJTypeEncoding.h */ = {isa = PBXFileReference; fileEncoding = 4; lastKnownFileType = sourcecode.c.h; path = MJTypeEncoding.h; sourceTree = "<group>"; };
		DDDD741B1ECDF74900A492D0 /* MJTypeEncoding.m */ = {isa = PBXFileReference; fileEncoding = 4; lastKnownFileType = sourcecode.c.objc; path = MJTypeEncoding.m; sourceTree = "<group>"; };
		DDDD741C1ECDF74900A492D0 /* NSObject+MJCoding.h */ = {isa = PBXFileReference; fileEncoding = 4; lastKnownFileType = sourcecode.c.h; path = "NSObject+MJCoding.h"; sourceTree = "<group>"; };
		DDDD741D1ECDF74900A492D0 /* NSObject+MJCoding.m */ = {isa = PBXFileReference; fileEncoding = 4; lastKnownFileType = sourcecode.c.objc; path = "NSObject+MJCoding.m"; sourceTree = "<group>"; };
		DDDD741E1ECDF74900A492D0 /* NSObject+MJKeyValue.h */ = {isa = PBXFileReference; fileEncoding = 4; lastKnownFileType = sourcecode.c.h; path = "NSObject+MJKeyValue.h"; sourceTree = "<group>"; };
		DDDD741F1ECDF74900A492D0 /* NSObject+MJKeyValue.m */ = {isa = PBXFileReference; fileEncoding = 4; lastKnownFileType = sourcecode.c.objc; path = "NSObject+MJKeyValue.m"; sourceTree = "<group>"; };
		DDDD74201ECDF74900A492D0 /* NSObject+MJMember.h */ = {isa = PBXFileReference; fileEncoding = 4; lastKnownFileType = sourcecode.c.h; path = "NSObject+MJMember.h"; sourceTree = "<group>"; };
		DDDD74211ECDF74900A492D0 /* NSObject+MJMember.m */ = {isa = PBXFileReference; fileEncoding = 4; lastKnownFileType = sourcecode.c.objc; path = "NSObject+MJMember.m"; sourceTree = "<group>"; };
		DDDD742E1ECDF79200A492D0 /* ShopModel.h */ = {isa = PBXFileReference; fileEncoding = 4; lastKnownFileType = sourcecode.c.h; path = ShopModel.h; sourceTree = "<group>"; };
		DDDD742F1ECDF79200A492D0 /* ShopModel.m */ = {isa = PBXFileReference; fileEncoding = 4; lastKnownFileType = sourcecode.c.objc; path = ShopModel.m; sourceTree = "<group>"; };
/* End PBXFileReference section */

/* Begin PBXFrameworksBuildPhase section */
		D83765A51ECDAA0E00F03127 /* Frameworks */ = {
			isa = PBXFrameworksBuildPhase;
			buildActionMask = 2147483647;
			files = (
			);
			runOnlyForDeploymentPostprocessing = 0;
		};
		D83765BE1ECDAA0F00F03127 /* Frameworks */ = {
			isa = PBXFrameworksBuildPhase;
			buildActionMask = 2147483647;
			files = (
			);
			runOnlyForDeploymentPostprocessing = 0;
		};
		D83765C91ECDAA0F00F03127 /* Frameworks */ = {
			isa = PBXFrameworksBuildPhase;
			buildActionMask = 2147483647;
			files = (
			);
			runOnlyForDeploymentPostprocessing = 0;
		};
/* End PBXFrameworksBuildPhase section */

/* Begin PBXGroup section */
		D837659F1ECDAA0E00F03127 = {
			isa = PBXGroup;
			children = (
				D83765AA1ECDAA0E00F03127 /* ZZJWaterFallView */,
				D83765C41ECDAA0F00F03127 /* ZZJWaterFallViewTests */,
				D83765CF1ECDAA0F00F03127 /* ZZJWaterFallViewUITests */,
				D83765A91ECDAA0E00F03127 /* Products */,
			);
			sourceTree = "<group>";
		};
		D83765A91ECDAA0E00F03127 /* Products */ = {
			isa = PBXGroup;
			children = (
				D83765A81ECDAA0E00F03127 /* ZZJWaterFallView.app */,
				D83765C11ECDAA0F00F03127 /* ZZJWaterFallViewTests.xctest */,
				D83765CC1ECDAA0F00F03127 /* ZZJWaterFallViewUITests.xctest */,
			);
			name = Products;
			sourceTree = "<group>";
		};
		D83765AA1ECDAA0E00F03127 /* ZZJWaterFallView */ = {
			isa = PBXGroup;
			children = (
				DDDD74091ECDF74900A492D0 /* Include */,
				DDDD74061ECDF71200A492D0 /* Resources */,
				DDDD73FF1ECDE91500A492D0 /* ZZJWaterFallView */,
				DDDD742D1ECDF78100A492D0 /* Model */,
				D83765AE1ECDAA0E00F03127 /* AppDelegate.h */,
				D83765AF1ECDAA0E00F03127 /* AppDelegate.m */,
				D83765B11ECDAA0E00F03127 /* ViewController.h */,
				D83765B21ECDAA0F00F03127 /* ViewController.m */,
				D83765B41ECDAA0F00F03127 /* Main.storyboard */,
				D83765B71ECDAA0F00F03127 /* Assets.xcassets */,
				D83765B91ECDAA0F00F03127 /* LaunchScreen.storyboard */,
				D83765BC1ECDAA0F00F03127 /* Info.plist */,
				D83765AB1ECDAA0E00F03127 /* Supporting Files */,
				D8F952E01ECE957B00AE5C44 /* DetailViewController.h */,
				D8F952E11ECE957B00AE5C44 /* DetailViewController.m */,
			);
			path = ZZJWaterFallView;
			sourceTree = "<group>";
		};
		D83765AB1ECDAA0E00F03127 /* Supporting Files */ = {
			isa = PBXGroup;
			children = (
				D83765AC1ECDAA0E00F03127 /* main.m */,
			);
			name = "Supporting Files";
			sourceTree = "<group>";
		};
		D83765C41ECDAA0F00F03127 /* ZZJWaterFallViewTests */ = {
			isa = PBXGroup;
			children = (
				D83765C51ECDAA0F00F03127 /* ZZJWaterFallViewTests.m */,
				D83765C71ECDAA0F00F03127 /* Info.plist */,
			);
			path = ZZJWaterFallViewTests;
			sourceTree = "<group>";
		};
		D83765CF1ECDAA0F00F03127 /* ZZJWaterFallViewUITests */ = {
			isa = PBXGroup;
			children = (
				D83765D01ECDAA0F00F03127 /* ZZJWaterFallViewUITests.m */,
				D83765D21ECDAA0F00F03127 /* Info.plist */,
			);
			path = ZZJWaterFallViewUITests;
			sourceTree = "<group>";
		};
		D8F952AE1ECE8BDD00AE5C44 /* SDWebImage */ = {
			isa = PBXGroup;
			children = (
				D8F952AF1ECE8BDD00AE5C44 /* MKAnnotationView+WebCache.h */,
				D8F952B01ECE8BDD00AE5C44 /* MKAnnotationView+WebCache.m */,
				D8F952B11ECE8BDD00AE5C44 /* NSData+ImageContentType.h */,
				D8F952B21ECE8BDD00AE5C44 /* NSData+ImageContentType.m */,
				D8F952B31ECE8BDD00AE5C44 /* SDImageCache.h */,
				D8F952B41ECE8BDD00AE5C44 /* SDImageCache.m */,
				D8F952B51ECE8BDD00AE5C44 /* SDWebImageCompat.h */,
				D8F952B61ECE8BDD00AE5C44 /* SDWebImageCompat.m */,
				D8F952B71ECE8BDD00AE5C44 /* SDWebImageDecoder.h */,
				D8F952B81ECE8BDD00AE5C44 /* SDWebImageDecoder.m */,
				D8F952B91ECE8BDD00AE5C44 /* SDWebImageDownloader.h */,
				D8F952BA1ECE8BDD00AE5C44 /* SDWebImageDownloader.m */,
				D8F952BB1ECE8BDD00AE5C44 /* SDWebImageDownloaderOperation.h */,
				D8F952BC1ECE8BDD00AE5C44 /* SDWebImageDownloaderOperation.m */,
				D8F952BD1ECE8BDD00AE5C44 /* SDWebImageManager.h */,
				D8F952BE1ECE8BDD00AE5C44 /* SDWebImageManager.m */,
				D8F952BF1ECE8BDD00AE5C44 /* SDWebImageOperation.h */,
				D8F952C01ECE8BDD00AE5C44 /* SDWebImagePrefetcher.h */,
				D8F952C11ECE8BDD00AE5C44 /* SDWebImagePrefetcher.m */,
				D8F952C21ECE8BDD00AE5C44 /* UIButton+WebCache.h */,
				D8F952C31ECE8BDD00AE5C44 /* UIButton+WebCache.m */,
				D8F952C41ECE8BDD00AE5C44 /* UIImage+GIF.h */,
				D8F952C51ECE8BDD00AE5C44 /* UIImage+GIF.m */,
				D8F952C61ECE8BDD00AE5C44 /* UIImage+MultiFormat.h */,
				D8F952C71ECE8BDD00AE5C44 /* UIImage+MultiFormat.m */,
				D8F952C81ECE8BDD00AE5C44 /* UIImage+WebP.h */,
				D8F952C91ECE8BDD00AE5C44 /* UIImage+WebP.m */,
				D8F952CA1ECE8BDD00AE5C44 /* UIImageView+HighlightedWebCache.h */,
				D8F952CB1ECE8BDD00AE5C44 /* UIImageView+HighlightedWebCache.m */,
				D8F952CC1ECE8BDD00AE5C44 /* UIImageView+WebCache.h */,
				D8F952CD1ECE8BDD00AE5C44 /* UIImageView+WebCache.m */,
				D8F952CE1ECE8BDD00AE5C44 /* UIView+WebCacheOperation.h */,
				D8F952CF1ECE8BDD00AE5C44 /* UIView+WebCacheOperation.m */,
			);
			path = SDWebImage;
			sourceTree = "<group>";
		};
		DDDD73FF1ECDE91500A492D0 /* ZZJWaterFallView */ = {
			isa = PBXGroup;
			children = (
				DDDD74001ECDE9EE00A492D0 /* ZZJCollectionViewLayout.h */,
				DDDD74011ECDE9EE00A492D0 /* ZZJCollectionViewLayout.m */,
				DDDD74031ECDF64000A492D0 /* ZZJCollectionViewCell.h */,
				DDDD74041ECDF64000A492D0 /* ZZJCollectionViewCell.m */,
			);
			path = ZZJWaterFallView;
			sourceTree = "<group>";
		};
		DDDD74061ECDF71200A492D0 /* Resources */ = {
			isa = PBXGroup;
			children = (
				DDDD74071ECDF71200A492D0 /* 1.plist */,
			);
			path = Resources;
			sourceTree = "<group>";
		};
		DDDD74091ECDF74900A492D0 /* Include */ = {
			isa = PBXGroup;
			children = (
				D8F952AE1ECE8BDD00AE5C44 /* SDWebImage */,
				DDDD740A1ECDF74900A492D0 /* MJExtension */,
			);
			path = Include;
			sourceTree = "<group>";
		};
		DDDD740A1ECDF74900A492D0 /* MJExtension */ = {
			isa = PBXGroup;
			children = (
				DDDD740B1ECDF74900A492D0 /* MJArgument.h */,
				DDDD740C1ECDF74900A492D0 /* MJArgument.m */,
				DDDD740D1ECDF74900A492D0 /* MJConst.h */,
				DDDD740E1ECDF74900A492D0 /* MJConst.m */,
				DDDD740F1ECDF74900A492D0 /* MJExtension.h */,
				DDDD74101ECDF74900A492D0 /* MJFoundation.h */,
				DDDD74111ECDF74900A492D0 /* MJFoundation.m */,
				DDDD74121ECDF74900A492D0 /* MJIvar.h */,
				DDDD74131ECDF74900A492D0 /* MJIvar.m */,
				DDDD74141ECDF74900A492D0 /* MJMember.h */,
				DDDD74151ECDF74900A492D0 /* MJMember.m */,
				DDDD74161ECDF74900A492D0 /* MJMethod.h */,
				DDDD74171ECDF74900A492D0 /* MJMethod.m */,
				DDDD74181ECDF74900A492D0 /* MJType.h */,
				DDDD74191ECDF74900A492D0 /* MJType.m */,
				DDDD741A1ECDF74900A492D0 /* MJTypeEncoding.h */,
				DDDD741B1ECDF74900A492D0 /* MJTypeEncoding.m */,
				DDDD741C1ECDF74900A492D0 /* NSObject+MJCoding.h */,
				DDDD741D1ECDF74900A492D0 /* NSObject+MJCoding.m */,
				DDDD741E1ECDF74900A492D0 /* NSObject+MJKeyValue.h */,
				DDDD741F1ECDF74900A492D0 /* NSObject+MJKeyValue.m */,
				DDDD74201ECDF74900A492D0 /* NSObject+MJMember.h */,
				DDDD74211ECDF74900A492D0 /* NSObject+MJMember.m */,
			);
			path = MJExtension;
			sourceTree = "<group>";
		};
		DDDD742D1ECDF78100A492D0 /* Model */ = {
			isa = PBXGroup;
			children = (
				DDDD742E1ECDF79200A492D0 /* ShopModel.h */,
				DDDD742F1ECDF79200A492D0 /* ShopModel.m */,
			);
			path = Model;
			sourceTree = "<group>";
		};
/* End PBXGroup section */

/* Begin PBXNativeTarget section */
		D83765A71ECDAA0E00F03127 /* ZZJWaterFallView */ = {
			isa = PBXNativeTarget;
			buildConfigurationList = D83765D51ECDAA0F00F03127 /* Build configuration list for PBXNativeTarget "ZZJWaterFallView" */;
			buildPhases = (
				D83765A41ECDAA0E00F03127 /* Sources */,
				D83765A51ECDAA0E00F03127 /* Frameworks */,
				D83765A61ECDAA0E00F03127 /* Resources */,
			);
			buildRules = (
			);
			dependencies = (
			);
			name = ZZJWaterFallView;
			productName = ZZJWaterFallView;
			productReference = D83765A81ECDAA0E00F03127 /* ZZJWaterFallView.app */;
			productType = "com.apple.product-type.application";
		};
		D83765C01ECDAA0F00F03127 /* ZZJWaterFallViewTests */ = {
			isa = PBXNativeTarget;
			buildConfigurationList = D83765D81ECDAA0F00F03127 /* Build configuration list for PBXNativeTarget "ZZJWaterFallViewTests" */;
			buildPhases = (
				D83765BD1ECDAA0F00F03127 /* Sources */,
				D83765BE1ECDAA0F00F03127 /* Frameworks */,
				D83765BF1ECDAA0F00F03127 /* Resources */,
			);
			buildRules = (
			);
			dependencies = (
				D83765C31ECDAA0F00F03127 /* PBXTargetDependency */,
			);
			name = ZZJWaterFallViewTests;
			productName = ZZJWaterFallViewTests;
			productReference = D83765C11ECDAA0F00F03127 /* ZZJWaterFallViewTests.xctest */;
			productType = "com.apple.product-type.bundle.unit-test";
		};
		D83765CB1ECDAA0F00F03127 /* ZZJWaterFallViewUITests */ = {
			isa = PBXNativeTarget;
			buildConfigurationList = D83765DB1ECDAA0F00F03127 /* Build configuration list for PBXNativeTarget "ZZJWaterFallViewUITests" */;
			buildPhases = (
				D83765C81ECDAA0F00F03127 /* Sources */,
				D83765C91ECDAA0F00F03127 /* Frameworks */,
				D83765CA1ECDAA0F00F03127 /* Resources */,
			);
			buildRules = (
			);
			dependencies = (
				D83765CE1ECDAA0F00F03127 /* PBXTargetDependency */,
			);
			name = ZZJWaterFallViewUITests;
			productName = ZZJWaterFallViewUITests;
			productReference = D83765CC1ECDAA0F00F03127 /* ZZJWaterFallViewUITests.xctest */;
			productType = "com.apple.product-type.bundle.ui-testing";
		};
/* End PBXNativeTarget section */

/* Begin PBXProject section */
		D83765A01ECDAA0E00F03127 /* Project object */ = {
			isa = PBXProject;
			attributes = {
				LastUpgradeCheck = 0830;
				ORGANIZATIONNAME = ZZJ;
				TargetAttributes = {
					D83765A71ECDAA0E00F03127 = {
						CreatedOnToolsVersion = 8.3.1;
						ProvisioningStyle = Automatic;
					};
					D83765C01ECDAA0F00F03127 = {
						CreatedOnToolsVersion = 8.3.1;
						ProvisioningStyle = Automatic;
						TestTargetID = D83765A71ECDAA0E00F03127;
					};
					D83765CB1ECDAA0F00F03127 = {
						CreatedOnToolsVersion = 8.3.1;
						ProvisioningStyle = Automatic;
						TestTargetID = D83765A71ECDAA0E00F03127;
					};
				};
			};
			buildConfigurationList = D83765A31ECDAA0E00F03127 /* Build configuration list for PBXProject "ZZJWaterFallView" */;
			compatibilityVersion = "Xcode 3.2";
			developmentRegion = English;
			hasScannedForEncodings = 0;
			knownRegions = (
				en,
				Base,
			);
			mainGroup = D837659F1ECDAA0E00F03127;
			productRefGroup = D83765A91ECDAA0E00F03127 /* Products */;
			projectDirPath = "";
			projectRoot = "";
			targets = (
				D83765A71ECDAA0E00F03127 /* ZZJWaterFallView */,
				D83765C01ECDAA0F00F03127 /* ZZJWaterFallViewTests */,
				D83765CB1ECDAA0F00F03127 /* ZZJWaterFallViewUITests */,
			);
		};
/* End PBXProject section */

/* Begin PBXResourcesBuildPhase section */
		D83765A61ECDAA0E00F03127 /* Resources */ = {
			isa = PBXResourcesBuildPhase;
			buildActionMask = 2147483647;
			files = (
				D83765BB1ECDAA0F00F03127 /* LaunchScreen.storyboard in Resources */,
				D83765B81ECDAA0F00F03127 /* Assets.xcassets in Resources */,
				DDDD74081ECDF71200A492D0 /* 1.plist in Resources */,
				D83765B61ECDAA0F00F03127 /* Main.storyboard in Resources */,
			);
			runOnlyForDeploymentPostprocessing = 0;
		};
		D83765BF1ECDAA0F00F03127 /* Resources */ = {
			isa = PBXResourcesBuildPhase;
			buildActionMask = 2147483647;
			files = (
			);
			runOnlyForDeploymentPostprocessing = 0;
		};
		D83765CA1ECDAA0F00F03127 /* Resources */ = {
			isa = PBXResourcesBuildPhase;
			buildActionMask = 2147483647;
			files = (
			);
			runOnlyForDeploymentPostprocessing = 0;
		};
/* End PBXResourcesBuildPhase section */

/* Begin PBXSourcesBuildPhase section */
		D83765A41ECDAA0E00F03127 /* Sources */ = {
			isa = PBXSourcesBuildPhase;
			buildActionMask = 2147483647;
			files = (
				D8F952D51ECE8BDD00AE5C44 /* SDWebImageDownloader.m in Sources */,
				DDDD742C1ECDF74900A492D0 /* NSObject+MJMember.m in Sources */,
				DDDD742A1ECDF74900A492D0 /* NSObject+MJCoding.m in Sources */,
				D8F952D81ECE8BDD00AE5C44 /* SDWebImagePrefetcher.m in Sources */,
				D8F952DF1ECE8BDD00AE5C44 /* UIView+WebCacheOperation.m in Sources */,
				DDDD74251ECDF74900A492D0 /* MJIvar.m in Sources */,
				DDDD74301ECDF79200A492D0 /* ShopModel.m in Sources */,
				D8F952DB1ECE8BDD00AE5C44 /* UIImage+MultiFormat.m in Sources */,
				D8F952DC1ECE8BDD00AE5C44 /* UIImage+WebP.m in Sources */,
				DDDD74291ECDF74900A492D0 /* MJTypeEncoding.m in Sources */,
				DDDD74051ECDF64000A492D0 /* ZZJCollectionViewCell.m in Sources */,
				D8F952DE1ECE8BDD00AE5C44 /* UIImageView+WebCache.m in Sources */,
				DDDD74221ECDF74900A492D0 /* MJArgument.m in Sources */,
				DDDD74231ECDF74900A492D0 /* MJConst.m in Sources */,
				DDDD74281ECDF74900A492D0 /* MJType.m in Sources */,
				D83765B31ECDAA0F00F03127 /* ViewController.m in Sources */,
				D83765B01ECDAA0E00F03127 /* AppDelegate.m in Sources */,
				D83765AD1ECDAA0E00F03127 /* main.m in Sources */,
				DDDD74271ECDF74900A492D0 /* MJMethod.m in Sources */,
				D8F952E21ECE957B00AE5C44 /* DetailViewController.m in Sources */,
				D8F952D11ECE8BDD00AE5C44 /* NSData+ImageContentType.m in Sources */,
				DDDD74021ECDE9EE00A492D0 /* ZZJCollectionViewLayout.m in Sources */,
				DDDD74261ECDF74900A492D0 /* MJMember.m in Sources */,
				D8F952D71ECE8BDD00AE5C44 /* SDWebImageManager.m in Sources */,
				D8F952D41ECE8BDD00AE5C44 /* SDWebImageDecoder.m in Sources */,
				D8F952D61ECE8BDD00AE5C44 /* SDWebImageDownloaderOperation.m in Sources */,
				DDDD742B1ECDF74900A492D0 /* NSObject+MJKeyValue.m in Sources */,
				DDDD74241ECDF74900A492D0 /* MJFoundation.m in Sources */,
				D8F952D01ECE8BDD00AE5C44 /* MKAnnotationView+WebCache.m in Sources */,
				D8F952D31ECE8BDD00AE5C44 /* SDWebImageCompat.m in Sources */,
				D8F952D91ECE8BDD00AE5C44 /* UIButton+WebCache.m in Sources */,
				D8F952DD1ECE8BDD00AE5C44 /* UIImageView+HighlightedWebCache.m in Sources */,
				D8F952DA1ECE8BDD00AE5C44 /* UIImage+GIF.m in Sources */,
				D8F952D21ECE8BDD00AE5C44 /* SDImageCache.m in Sources */,
			);
			runOnlyForDeploymentPostprocessing = 0;
		};
		D83765BD1ECDAA0F00F03127 /* Sources */ = {
			isa = PBXSourcesBuildPhase;
			buildActionMask = 2147483647;
			files = (
				D83765C61ECDAA0F00F03127 /* ZZJWaterFallViewTests.m in Sources */,
			);
			runOnlyForDeploymentPostprocessing = 0;
		};
		D83765C81ECDAA0F00F03127 /* Sources */ = {
			isa = PBXSourcesBuildPhase;
			buildActionMask = 2147483647;
			files = (
				D83765D11ECDAA0F00F03127 /* ZZJWaterFallViewUITests.m in Sources */,
			);
			runOnlyForDeploymentPostprocessing = 0;
		};
/* End PBXSourcesBuildPhase section */

/* Begin PBXTargetDependency section */
		D83765C31ECDAA0F00F03127 /* PBXTargetDependency */ = {
			isa = PBXTargetDependency;
			target = D83765A71ECDAA0E00F03127 /* ZZJWaterFallView */;
			targetProxy = D83765C21ECDAA0F00F03127 /* PBXContainerItemProxy */;
		};
		D83765CE1ECDAA0F00F03127 /* PBXTargetDependency */ = {
			isa = PBXTargetDependency;
			target = D83765A71ECDAA0E00F03127 /* ZZJWaterFallView */;
			targetProxy = D83765CD1ECDAA0F00F03127 /* PBXContainerItemProxy */;
		};
/* End PBXTargetDependency section */

/* Begin PBXVariantGroup section */
		D83765B41ECDAA0F00F03127 /* Main.storyboard */ = {
			isa = PBXVariantGroup;
			children = (
				D83765B51ECDAA0F00F03127 /* Base */,
			);
			name = Main.storyboard;
			sourceTree = "<group>";
		};
		D83765B91ECDAA0F00F03127 /* LaunchScreen.storyboard */ = {
			isa = PBXVariantGroup;
			children = (
				D83765BA1ECDAA0F00F03127 /* Base */,
			);
			name = LaunchScreen.storyboard;
			sourceTree = "<group>";
		};
/* End PBXVariantGroup section */

/* Begin XCBuildConfiguration section */
		D83765D31ECDAA0F00F03127 /* Debug */ = {
			isa = XCBuildConfiguration;
			buildSettings = {
				ALWAYS_SEARCH_USER_PATHS = NO;
				CLANG_ANALYZER_NONNULL = YES;
				CLANG_ANALYZER_NUMBER_OBJECT_CONVERSION = YES_AGGRESSIVE;
				CLANG_CXX_LANGUAGE_STANDARD = "gnu++0x";
				CLANG_CXX_LIBRARY = "libc++";
				CLANG_ENABLE_MODULES = YES;
				CLANG_ENABLE_OBJC_ARC = YES;
				CLANG_WARN_BOOL_CONVERSION = YES;
				CLANG_WARN_CONSTANT_CONVERSION = YES;
				CLANG_WARN_DIRECT_OBJC_ISA_USAGE = YES_ERROR;
				CLANG_WARN_DOCUMENTATION_COMMENTS = YES;
				CLANG_WARN_EMPTY_BODY = YES;
				CLANG_WARN_ENUM_CONVERSION = YES;
				CLANG_WARN_INFINITE_RECURSION = YES;
				CLANG_WARN_INT_CONVERSION = YES;
				CLANG_WARN_OBJC_ROOT_CLASS = YES_ERROR;
				CLANG_WARN_SUSPICIOUS_MOVE = YES;
				CLANG_WARN_UNREACHABLE_CODE = YES;
				CLANG_WARN__DUPLICATE_METHOD_MATCH = YES;
				"CODE_SIGN_IDENTITY[sdk=iphoneos*]" = "iPhone Developer";
				COPY_PHASE_STRIP = NO;
				DEBUG_INFORMATION_FORMAT = dwarf;
				ENABLE_STRICT_OBJC_MSGSEND = YES;
				ENABLE_TESTABILITY = YES;
				GCC_C_LANGUAGE_STANDARD = gnu99;
				GCC_DYNAMIC_NO_PIC = NO;
				GCC_NO_COMMON_BLOCKS = YES;
				GCC_OPTIMIZATION_LEVEL = 0;
				GCC_PREPROCESSOR_DEFINITIONS = (
					"DEBUG=1",
					"$(inherited)",
				);
				GCC_WARN_64_TO_32_BIT_CONVERSION = YES;
				GCC_WARN_ABOUT_RETURN_TYPE = YES_ERROR;
				GCC_WARN_UNDECLARED_SELECTOR = YES;
				GCC_WARN_UNINITIALIZED_AUTOS = YES_AGGRESSIVE;
				GCC_WARN_UNUSED_FUNCTION = YES;
				GCC_WARN_UNUSED_VARIABLE = YES;
				IPHONEOS_DEPLOYMENT_TARGET = 10.3;
				MTL_ENABLE_DEBUG_INFO = YES;
				ONLY_ACTIVE_ARCH = YES;
				SDKROOT = iphoneos;
				TARGETED_DEVICE_FAMILY = "1,2";
			};
			name = Debug;
		};
		D83765D41ECDAA0F00F03127 /* Release */ = {
			isa = XCBuildConfiguration;
			buildSettings = {
				ALWAYS_SEARCH_USER_PATHS = NO;
				CLANG_ANALYZER_NONNULL = YES;
				CLANG_ANALYZER_NUMBER_OBJECT_CONVERSION = YES_AGGRESSIVE;
				CLANG_CXX_LANGUAGE_STANDARD = "gnu++0x";
				CLANG_CXX_LIBRARY = "libc++";
				CLANG_ENABLE_MODULES = YES;
				CLANG_ENABLE_OBJC_ARC = YES;
				CLANG_WARN_BOOL_CONVERSION = YES;
				CLANG_WARN_CONSTANT_CONVERSION = YES;
				CLANG_WARN_DIRECT_OBJC_ISA_USAGE = YES_ERROR;
				CLANG_WARN_DOCUMENTATION_COMMENTS = YES;
				CLANG_WARN_EMPTY_BODY = YES;
				CLANG_WARN_ENUM_CONVERSION = YES;
				CLANG_WARN_INFINITE_RECURSION = YES;
				CLANG_WARN_INT_CONVERSION = YES;
				CLANG_WARN_OBJC_ROOT_CLASS = YES_ERROR;
				CLANG_WARN_SUSPICIOUS_MOVE = YES;
				CLANG_WARN_UNREACHABLE_CODE = YES;
				CLANG_WARN__DUPLICATE_METHOD_MATCH = YES;
				"CODE_SIGN_IDENTITY[sdk=iphoneos*]" = "iPhone Developer";
				COPY_PHASE_STRIP = NO;
				DEBUG_INFORMATION_FORMAT = "dwarf-with-dsym";
				ENABLE_NS_ASSERTIONS = NO;
				ENABLE_STRICT_OBJC_MSGSEND = YES;
				GCC_C_LANGUAGE_STANDARD = gnu99;
				GCC_NO_COMMON_BLOCKS = YES;
				GCC_WARN_64_TO_32_BIT_CONVERSION = YES;
				GCC_WARN_ABOUT_RETURN_TYPE = YES_ERROR;
				GCC_WARN_UNDECLARED_SELECTOR = YES;
				GCC_WARN_UNINITIALIZED_AUTOS = YES_AGGRESSIVE;
				GCC_WARN_UNUSED_FUNCTION = YES;
				GCC_WARN_UNUSED_VARIABLE = YES;
				IPHONEOS_DEPLOYMENT_TARGET = 10.3;
				MTL_ENABLE_DEBUG_INFO = NO;
				SDKROOT = iphoneos;
				TARGETED_DEVICE_FAMILY = "1,2";
				VALIDATE_PRODUCT = YES;
			};
			name = Release;
		};
		D83765D61ECDAA0F00F03127 /* Debug */ = {
			isa = XCBuildConfiguration;
			buildSettings = {
				ASSETCATALOG_COMPILER_APPICON_NAME = AppIcon;
				INFOPLIST_FILE = ZZJWaterFallView/Info.plist;
				LD_RUNPATH_SEARCH_PATHS = "$(inherited) @executable_path/Frameworks";
				PRODUCT_BUNDLE_IDENTIFIER = com.zzj.ZZJWaterFallView;
				PRODUCT_NAME = "$(TARGET_NAME)";
			};
			name = Debug;
		};
		D83765D71ECDAA0F00F03127 /* Release */ = {
			isa = XCBuildConfiguration;
			buildSettings = {
				ASSETCATALOG_COMPILER_APPICON_NAME = AppIcon;
				INFOPLIST_FILE = ZZJWaterFallView/Info.plist;
				LD_RUNPATH_SEARCH_PATHS = "$(inherited) @executable_path/Frameworks";
				PRODUCT_BUNDLE_IDENTIFIER = com.zzj.ZZJWaterFallView;
				PRODUCT_NAME = "$(TARGET_NAME)";
			};
			name = Release;
		};
		D83765D91ECDAA0F00F03127 /* Debug */ = {
			isa = XCBuildConfiguration;
			buildSettings = {
				BUNDLE_LOADER = "$(TEST_HOST)";
				INFOPLIST_FILE = ZZJWaterFallViewTests/Info.plist;
				LD_RUNPATH_SEARCH_PATHS = "$(inherited) @executable_path/Frameworks @loader_path/Frameworks";
				PRODUCT_BUNDLE_IDENTIFIER = com.zzj.ZZJWaterFallViewTests;
				PRODUCT_NAME = "$(TARGET_NAME)";
				TEST_HOST = "$(BUILT_PRODUCTS_DIR)/ZZJWaterFallView.app/ZZJWaterFallView";
			};
			name = Debug;
		};
		D83765DA1ECDAA0F00F03127 /* Release */ = {
			isa = XCBuildConfiguration;
			buildSettings = {
				BUNDLE_LOADER = "$(TEST_HOST)";
				INFOPLIST_FILE = ZZJWaterFallViewTests/Info.plist;
				LD_RUNPATH_SEARCH_PATHS = "$(inherited) @executable_path/Frameworks @loader_path/Frameworks";
				PRODUCT_BUNDLE_IDENTIFIER = com.zzj.ZZJWaterFallViewTests;
				PRODUCT_NAME = "$(TARGET_NAME)";
				TEST_HOST = "$(BUILT_PRODUCTS_DIR)/ZZJWaterFallView.app/ZZJWaterFallView";
			};
			name = Release;
		};
		D83765DC1ECDAA0F00F03127 /* Debug */ = {
			isa = XCBuildConfiguration;
			buildSettings = {
				INFOPLIST_FILE = ZZJWaterFallViewUITests/Info.plist;
				LD_RUNPATH_SEARCH_PATHS = "$(inherited) @executable_path/Frameworks @loader_path/Frameworks";
				PRODUCT_BUNDLE_IDENTIFIER = com.zzj.ZZJWaterFallViewUITests;
				PRODUCT_NAME = "$(TARGET_NAME)";
				TEST_TARGET_NAME = ZZJWaterFallView;
			};
			name = Debug;
		};
		D83765DD1ECDAA0F00F03127 /* Release */ = {
			isa = XCBuildConfiguration;
			buildSettings = {
				INFOPLIST_FILE = ZZJWaterFallViewUITests/Info.plist;
				LD_RUNPATH_SEARCH_PATHS = "$(inherited) @executable_path/Frameworks @loader_path/Frameworks";
				PRODUCT_BUNDLE_IDENTIFIER = com.zzj.ZZJWaterFallViewUITests;
				PRODUCT_NAME = "$(TARGET_NAME)";
				TEST_TARGET_NAME = ZZJWaterFallView;
			};
			name = Release;
		};
/* End XCBuildConfiguration section */

/* Begin XCConfigurationList section */
		D83765A31ECDAA0E00F03127 /* Build configuration list for PBXProject "ZZJWaterFallView" */ = {
			isa = XCConfigurationList;
			buildConfigurations = (
				D83765D31ECDAA0F00F03127 /* Debug */,
				D83765D41ECDAA0F00F03127 /* Release */,
			);
			defaultConfigurationIsVisible = 0;
			defaultConfigurationName = Release;
		};
		D83765D51ECDAA0F00F03127 /* Build configuration list for PBXNativeTarget "ZZJWaterFallView" */ = {
			isa = XCConfigurationList;
			buildConfigurations = (
				D83765D61ECDAA0F00F03127 /* Debug */,
				D83765D71ECDAA0F00F03127 /* Release */,
			);
			defaultConfigurationIsVisible = 0;
			defaultConfigurationName = Release;
		};
		D83765D81ECDAA0F00F03127 /* Build configuration list for PBXNativeTarget "ZZJWaterFallViewTests" */ = {
			isa = XCConfigurationList;
			buildConfigurations = (
				D83765D91ECDAA0F00F03127 /* Debug */,
				D83765DA1ECDAA0F00F03127 /* Release */,
			);
			defaultConfigurationIsVisible = 0;
			defaultConfigurationName = Release;
		};
		D83765DB1ECDAA0F00F03127 /* Build configuration list for PBXNativeTarget "ZZJWaterFallViewUITests" */ = {
			isa = XCConfigurationList;
			buildConfigurations = (
				D83765DC1ECDAA0F00F03127 /* Debug */,
				D83765DD1ECDAA0F00F03127 /* Release */,
			);
			defaultConfigurationIsVisible = 0;
			defaultConfigurationName = Release;
		};
/* End XCConfigurationList section */
	};
	rootObject = D83765A01ECDAA0E00F03127 /* Project object */;
}
